
Microsoft Visual Studio Solution File, Format Version 12.00
# Visual Studio Version 17
VisualStudioVersion = 17.8.34330.188
MinimumVisualStudioVersion = 10.0.40219.1
Project("{FAE04EC0-301F-11D3-BF4B-00C04F79EFBC}") = "MavericksBankApi", "MavericksBankApi\MavericksBankApi.csproj", "{ED52617A-0F4C-4462-99EC-14548B2E761D}"
EndProject
Global
	GlobalSection(SolutionConfigurationPlatforms) = preSolution
		Debug|Any CPU = Debug|Any CPU
		Release|Any CPU = Release|Any CPU
	EndGlobalSection
	GlobalSection(ProjectConfigurationPlatforms) = postSolution
		{ED52617A-0F4C-4462-99EC-14548B2E761D}.Debug|Any CPU.ActiveCfg = Debug|Any CPU
		{ED52617A-0F4C-4462-99EC-14548B2E761D}.Debug|Any CPU.Build.0 = Debug|Any CPU
		{ED52617A-0F4C-4462-99EC-14548B2E761D}.Release|Any CPU.ActiveCfg = Release|Any CPU
		{ED52617A-0F4C-4462-99EC-14548B2E761D}.Release|Any CPU.Build.0 = Release|Any CPU
	EndGlobalSection
	GlobalSection(SolutionProperties) = preSolution
		HideSolutionNode = FALSE
	EndGlobalSection
	GlobalSection(ExtensibilityGlobals) = postSolution
		SolutionGuid = {CD8D01B8-4A34-46DB-B158-8BD1A349F1DA}
	EndGlobalSection
EndGlobal
