
Microsoft Visual Studio Solution File, Format Version 12.00
# Visual Studio Version 17
VisualStudioVersion = 17.8.34330.188
MinimumVisualStudioVersion = 10.0.40219.1
Project("{9A19103F-16F7-4668-BE54-9A1E7A4F7556}") = "MavericksBank", "MavericksBank\MavericksBank.csproj", "{84463AB0-89F0-4195-9030-3D9EBA65A3D9}"
EndProject
Project("{9A19103F-16F7-4668-BE54-9A1E7A4F7556}") = "UnitTesting", "UnitTesting\UnitTesting.csproj", "{FC7C1512-367B-45D6-B18D-99084AE7ED7F}"
EndProject
Project("{2150E333-8FDC-42A3-9474-1A3956D46DE8}") = "Solution Items", "Solution Items", "{D7A37C8B-BBB0-4AB7-879D-70CD90E4B02B}"
	ProjectSection(SolutionItems) = preProject
		.gitignore = .gitignore
	EndProjectSection
EndProject
Global
	GlobalSection(SolutionConfigurationPlatforms) = preSolution
		Debug|Any CPU = Debug|Any CPU
		Release|Any CPU = Release|Any CPU
	EndGlobalSection
	GlobalSection(ProjectConfigurationPlatforms) = postSolution
		{84463AB0-89F0-4195-9030-3D9EBA65A3D9}.Debug|Any CPU.ActiveCfg = Debug|Any CPU
		{84463AB0-89F0-4195-9030-3D9EBA65A3D9}.Debug|Any CPU.Build.0 = Debug|Any CPU
		{84463AB0-89F0-4195-9030-3D9EBA65A3D9}.Release|Any CPU.ActiveCfg = Release|Any CPU
		{84463AB0-89F0-4195-9030-3D9EBA65A3D9}.Release|Any CPU.Build.0 = Release|Any CPU
		{FC7C1512-367B-45D6-B18D-99084AE7ED7F}.Debug|Any CPU.ActiveCfg = Debug|Any CPU
		{FC7C1512-367B-45D6-B18D-99084AE7ED7F}.Debug|Any CPU.Build.0 = Debug|Any CPU
		{FC7C1512-367B-45D6-B18D-99084AE7ED7F}.Release|Any CPU.ActiveCfg = Release|Any CPU
		{FC7C1512-367B-45D6-B18D-99084AE7ED7F}.Release|Any CPU.Build.0 = Release|Any CPU
	EndGlobalSection
	GlobalSection(SolutionProperties) = preSolution
		HideSolutionNode = FALSE
	EndGlobalSection
	GlobalSection(ExtensibilityGlobals) = postSolution
		SolutionGuid = {CCE1ED7C-DE43-4DD1-BD75-4A666EF412B0}
	EndGlobalSection
EndGlobal
